
Microsoft Visual Studio Solution File, Format Version 12.00
# Visual Studio Version 17
VisualStudioVersion = 17.3.32811.315
MinimumVisualStudioVersion = 10.0.40219.1
Project("{FAE04EC0-301F-11D3-BF4B-00C04F79EFBC}") = "Exercicio1", "Exercicio1\Exercicio1.csproj", "{B6A37FFB-B79D-4F0E-94DE-C4CBEFBD75E9}"
EndProject
Project("{FAE04EC0-301F-11D3-BF4B-00C04F79EFBC}") = "Banco", "Banco\Banco.csproj", "{C5B92EF9-B8D6-4724-B391-E3720DB22724}"
EndProject
Global
	GlobalSection(SolutionConfigurationPlatforms) = preSolution
		Debug|Any CPU = Debug|Any CPU
		Release|Any CPU = Release|Any CPU
	EndGlobalSection
	GlobalSection(ProjectConfigurationPlatforms) = postSolution
		{B6A37FFB-B79D-4F0E-94DE-C4CBEFBD75E9}.Debug|Any CPU.ActiveCfg = Debug|Any CPU
		{B6A37FFB-B79D-4F0E-94DE-C4CBEFBD75E9}.Debug|Any CPU.Build.0 = Debug|Any CPU
		{B6A37FFB-B79D-4F0E-94DE-C4CBEFBD75E9}.Release|Any CPU.ActiveCfg = Release|Any CPU
		{B6A37FFB-B79D-4F0E-94DE-C4CBEFBD75E9}.Release|Any CPU.Build.0 = Release|Any CPU
		{C5B92EF9-B8D6-4724-B391-E3720DB22724}.Debug|Any CPU.ActiveCfg = Debug|Any CPU
		{C5B92EF9-B8D6-4724-B391-E3720DB22724}.Debug|Any CPU.Build.0 = Debug|Any CPU
		{C5B92EF9-B8D6-4724-B391-E3720DB22724}.Release|Any CPU.ActiveCfg = Release|Any CPU
		{C5B92EF9-B8D6-4724-B391-E3720DB22724}.Release|Any CPU.Build.0 = Release|Any CPU
	EndGlobalSection
	GlobalSection(SolutionProperties) = preSolution
		HideSolutionNode = FALSE
	EndGlobalSection
	GlobalSection(ExtensibilityGlobals) = postSolution
		SolutionGuid = {E0E597FB-7517-49FE-8B40-99EE8AAFC296}
	EndGlobalSection
EndGlobal
